
Microsoft Visual Studio Solution File, Format Version 12.00
# Visual Studio Version 17
VisualStudioVersion = 17.5.33530.505
MinimumVisualStudioVersion = 10.0.40219.1
Project("{FAE04EC0-301F-11D3-BF4B-00C04F79EFBC}") = "MoveItNow", "MoveItNow.csproj", "{B3F69095-7084-4F95-89F3-94EF64138FF3}"
EndProject
Global
	GlobalSection(SolutionConfigurationPlatforms) = preSolution
		Debug|Any CPU = Debug|Any CPU
		Release|Any CPU = Release|Any CPU
	EndGlobalSection
	GlobalSection(ProjectConfigurationPlatforms) = postSolution
		{B3F69095-7084-4F95-89F3-94EF64138FF3}.Debug|Any CPU.ActiveCfg = Debug|Any CPU
		{B3F69095-7084-4F95-89F3-94EF64138FF3}.Debug|Any CPU.Build.0 = Debug|Any CPU
		{B3F69095-7084-4F95-89F3-94EF64138FF3}.Release|Any CPU.ActiveCfg = Release|Any CPU
		{B3F69095-7084-4F95-89F3-94EF64138FF3}.Release|Any CPU.Build.0 = Release|Any CPU
	EndGlobalSection
	GlobalSection(SolutionProperties) = preSolution
		HideSolutionNode = FALSE
	EndGlobalSection
	GlobalSection(ExtensibilityGlobals) = postSolution
		SolutionGuid = {353F3BD4-4F55-4EB4-9376-65AD1DCC68BA}
	EndGlobalSection
EndGlobal
